
Microsoft Visual Studio Solution File, Format Version 12.00
# Visual Studio Version 17
VisualStudioVersion = 17.5.33530.505
MinimumVisualStudioVersion = 10.0.40219.1
Project("{9A19103F-16F7-4668-BE54-9A1E7A4F7556}") = "Maashkinoozhe.ServicebusTriggerApi", "Maashkinoozhe.ServicebusTriggerApi\Maashkinoozhe.ServicebusTriggerApi.csproj", "{D57BFB3C-A946-4596-AA73-C73F2D367084}"
EndProject
Project("{FAE04EC0-301F-11D3-BF4B-00C04F79EFBC}") = "FunctionApp1", "FunctionApp1\FunctionApp1.csproj", "{926710D5-A0E4-4FE0-87BF-D05BA3D0EF8B}"
EndProject
Global
	GlobalSection(SolutionConfigurationPlatforms) = preSolution
		Debug|Any CPU = Debug|Any CPU
		Release|Any CPU = Release|Any CPU
	EndGlobalSection
	GlobalSection(ProjectConfigurationPlatforms) = postSolution
		{D57BFB3C-A946-4596-AA73-C73F2D367084}.Debug|Any CPU.ActiveCfg = Debug|Any CPU
		{D57BFB3C-A946-4596-AA73-C73F2D367084}.Debug|Any CPU.Build.0 = Debug|Any CPU
		{D57BFB3C-A946-4596-AA73-C73F2D367084}.Release|Any CPU.ActiveCfg = Release|Any CPU
		{D57BFB3C-A946-4596-AA73-C73F2D367084}.Release|Any CPU.Build.0 = Release|Any CPU
		{926710D5-A0E4-4FE0-87BF-D05BA3D0EF8B}.Debug|Any CPU.ActiveCfg = Debug|Any CPU
		{926710D5-A0E4-4FE0-87BF-D05BA3D0EF8B}.Debug|Any CPU.Build.0 = Debug|Any CPU
		{926710D5-A0E4-4FE0-87BF-D05BA3D0EF8B}.Release|Any CPU.ActiveCfg = Release|Any CPU
		{926710D5-A0E4-4FE0-87BF-D05BA3D0EF8B}.Release|Any CPU.Build.0 = Release|Any CPU
	EndGlobalSection
	GlobalSection(SolutionProperties) = preSolution
		HideSolutionNode = FALSE
	EndGlobalSection
	GlobalSection(ExtensibilityGlobals) = postSolution
		SolutionGuid = {D0DFDB62-F6C8-43B6-AD0E-2D71A359C18B}
	EndGlobalSection
EndGlobal
